// !$*UTF8*$!
{
	archiveVersion = 1;
	classes = {
	};
	objectVersion = 46;
	objects = {

/* Begin PBXBuildFile section */
		34B2D6BF30921FFE233995BF /* libPods.a in Frameworks */ = {isa = PBXBuildFile; fileRef = 51AC9814845E1B3BC57B2354 /* libPods.a */; };
		841A52E71AA155B00055F6CF /* main.m in Sources */ = {isa = PBXBuildFile; fileRef = 841A52E61AA155B00055F6CF /* main.m */; };
		841A52EA1AA155B00055F6CF /* AppDelegate.m in Sources */ = {isa = PBXBuildFile; fileRef = 841A52E91AA155B00055F6CF /* AppDelegate.m */; };
		841A52F21AA155B00055F6CF /* Images.xcassets in Resources */ = {isa = PBXBuildFile; fileRef = 841A52F11AA155B00055F6CF /* Images.xcassets */; };
		841A53011AA155B00055F6CF /* BribeMeTests.m in Sources */ = {isa = PBXBuildFile; fileRef = 841A53001AA155B00055F6CF /* BribeMeTests.m */; };
		841A530E1AA156510055F6CF /* LoginViewController.xib in Resources */ = {isa = PBXBuildFile; fileRef = 841A530C1AA156510055F6CF /* LoginViewController.xib */; };
		841A53121AA1593F0055F6CF /* SwipeView.m in Sources */ = {isa = PBXBuildFile; fileRef = 841A53111AA1593F0055F6CF /* SwipeView.m */; };
		841A53191AA160B60055F6CF /* BribesViewController.m in Sources */ = {isa = PBXBuildFile; fileRef = 841A53171AA160B60055F6CF /* BribesViewController.m */; };
		841A531A1AA160B60055F6CF /* BribesViewController.xib in Resources */ = {isa = PBXBuildFile; fileRef = 841A53181AA160B60055F6CF /* BribesViewController.xib */; };
		842429EA1AA5250300129411 /* Wordpress.m in Sources */ = {isa = PBXBuildFile; fileRef = 842429E91AA5250300129411 /* Wordpress.m */; };
		842429F01AA52F4E00129411 /* LoginViewController.m in Sources */ = {isa = PBXBuildFile; fileRef = 842429EF1AA52F4E00129411 /* LoginViewController.m */; };
		842429F41AA5351D00129411 /* CreateAccountViewController.m in Sources */ = {isa = PBXBuildFile; fileRef = 842429F21AA5351D00129411 /* CreateAccountViewController.m */; };
		842429F51AA5351D00129411 /* CreateAccountViewController.xib in Resources */ = {isa = PBXBuildFile; fileRef = 842429F31AA5351D00129411 /* CreateAccountViewController.xib */; };
		842429FB1AA588FA00129411 /* Converter.m in Sources */ = {isa = PBXBuildFile; fileRef = 842429FA1AA588FA00129411 /* Converter.m */; };
		84242A001AA58C3F00129411 /* SettingsUIViewController.m in Sources */ = {isa = PBXBuildFile; fileRef = 842429FE1AA58C3F00129411 /* SettingsUIViewController.m */; };
		84242A011AA58C3F00129411 /* SettingsUIViewController.xib in Resources */ = {isa = PBXBuildFile; fileRef = 842429FF1AA58C3F00129411 /* SettingsUIViewController.xib */; };
		84242A0D1AAE9CA000129411 /* BribeTableViewCell.m in Sources */ = {isa = PBXBuildFile; fileRef = 84242A0B1AAE9CA000129411 /* BribeTableViewCell.m */; };
		84242A0E1AAE9CA000129411 /* BribeTableViewCell.xib in Resources */ = {isa = PBXBuildFile; fileRef = 84242A0C1AAE9CA000129411 /* BribeTableViewCell.xib */; };
		84242A111AAEB1FA00129411 /* ImageIO.framework in Frameworks */ = {isa = PBXBuildFile; fileRef = 84242A101AAEB1FA00129411 /* ImageIO.framework */; };
		84336D5C1ABCD51600F18E76 /* SpecificBribeViewController.m in Sources */ = {isa = PBXBuildFile; fileRef = 84336D5A1ABCD51600F18E76 /* SpecificBribeViewController.m */; };
		84336D5D1ABCD51600F18E76 /* SpecificBribeViewController.xib in Resources */ = {isa = PBXBuildFile; fileRef = 84336D5B1ABCD51600F18E76 /* SpecificBribeViewController.xib */; };
/* End PBXBuildFile section */

/* Begin PBXContainerItemProxy section */
		841A52FB1AA155B00055F6CF /* PBXContainerItemProxy */ = {
			isa = PBXContainerItemProxy;
			containerPortal = 841A52D91AA155B00055F6CF /* Project object */;
			proxyType = 1;
			remoteGlobalIDString = 841A52E01AA155B00055F6CF;
			remoteInfo = BribeMe;
		};
/* End PBXContainerItemProxy section */

/* Begin PBXFileReference section */
		332B63E331BE7B12190286E3 /* Pods.release.xcconfig */ = {isa = PBXFileReference; includeInIndex = 1; lastKnownFileType = text.xcconfig; name = Pods.release.xcconfig; path = "Pods/Target Support Files/Pods/Pods.release.xcconfig"; sourceTree = "<group>"; };
		51AC9814845E1B3BC57B2354 /* libPods.a */ = {isa = PBXFileReference; explicitFileType = archive.ar; includeInIndex = 0; path = libPods.a; sourceTree = BUILT_PRODUCTS_DIR; };
		841A52E11AA155B00055F6CF /* BribeMe.app */ = {isa = PBXFileReference; explicitFileType = wrapper.application; includeInIndex = 0; path = BribeMe.app; sourceTree = BUILT_PRODUCTS_DIR; };
		841A52E51AA155B00055F6CF /* Info.plist */ = {isa = PBXFileReference; lastKnownFileType = text.plist.xml; path = Info.plist; sourceTree = "<group>"; };
		841A52E61AA155B00055F6CF /* main.m */ = {isa = PBXFileReference; lastKnownFileType = sourcecode.c.objc; path = main.m; sourceTree = "<group>"; };
		841A52E81AA155B00055F6CF /* AppDelegate.h */ = {isa = PBXFileReference; lastKnownFileType = sourcecode.c.h; path = AppDelegate.h; sourceTree = "<group>"; };
		841A52E91AA155B00055F6CF /* AppDelegate.m */ = {isa = PBXFileReference; lastKnownFileType = sourcecode.c.objc; path = AppDelegate.m; sourceTree = "<group>"; };
		841A52F11AA155B00055F6CF /* Images.xcassets */ = {isa = PBXFileReference; lastKnownFileType = folder.assetcatalog; path = Images.xcassets; sourceTree = "<group>"; };
		841A52FA1AA155B00055F6CF /* BribeMeTests.xctest */ = {isa = PBXFileReference; explicitFileType = wrapper.cfbundle; includeInIndex = 0; path = BribeMeTests.xctest; sourceTree = BUILT_PRODUCTS_DIR; };
		841A52FF1AA155B00055F6CF /* Info.plist */ = {isa = PBXFileReference; lastKnownFileType = text.plist.xml; path = Info.plist; sourceTree = "<group>"; };
		841A53001AA155B00055F6CF /* BribeMeTests.m */ = {isa = PBXFileReference; lastKnownFileType = sourcecode.c.objc; path = BribeMeTests.m; sourceTree = "<group>"; };
		841A530A1AA156500055F6CF /* BribeMe-Bridging-Header.h */ = {isa = PBXFileReference; lastKnownFileType = sourcecode.c.h; path = "BribeMe-Bridging-Header.h"; sourceTree = "<group>"; };
		841A530C1AA156510055F6CF /* LoginViewController.xib */ = {isa = PBXFileReference; fileEncoding = 4; lastKnownFileType = file.xib; path = LoginViewController.xib; sourceTree = "<group>"; };
		841A53101AA1593F0055F6CF /* SwipeView.h */ = {isa = PBXFileReference; fileEncoding = 4; lastKnownFileType = sourcecode.c.h; path = SwipeView.h; sourceTree = "<group>"; };
		841A53111AA1593F0055F6CF /* SwipeView.m */ = {isa = PBXFileReference; fileEncoding = 4; lastKnownFileType = sourcecode.c.objc; path = SwipeView.m; sourceTree = "<group>"; };
		841A53141AA160750055F6CF /* Constants.h */ = {isa = PBXFileReference; lastKnownFileType = sourcecode.c.h; path = Constants.h; sourceTree = "<group>"; };
		841A53161AA160B60055F6CF /* BribesViewController.h */ = {isa = PBXFileReference; fileEncoding = 4; lastKnownFileType = sourcecode.c.h; path = BribesViewController.h; sourceTree = "<group>"; };
		841A53171AA160B60055F6CF /* BribesViewController.m */ = {isa = PBXFileReference; fileEncoding = 4; lastKnownFileType = sourcecode.c.objc; path = BribesViewController.m; sourceTree = "<group>"; };
		841A53181AA160B60055F6CF /* BribesViewController.xib */ = {isa = PBXFileReference; fileEncoding = 4; lastKnownFileType = file.xib; path = BribesViewController.xib; sourceTree = "<group>"; };
		842429E81AA5250300129411 /* Wordpress.h */ = {isa = PBXFileReference; fileEncoding = 4; lastKnownFileType = sourcecode.c.h; path = Wordpress.h; sourceTree = "<group>"; };
		842429E91AA5250300129411 /* Wordpress.m */ = {isa = PBXFileReference; fileEncoding = 4; lastKnownFileType = sourcecode.c.objc; path = Wordpress.m; sourceTree = "<group>"; };
		842429EE1AA52F4E00129411 /* LoginViewController.h */ = {isa = PBXFileReference; fileEncoding = 4; lastKnownFileType = sourcecode.c.h; path = LoginViewController.h; sourceTree = "<group>"; };
		842429EF1AA52F4E00129411 /* LoginViewController.m */ = {isa = PBXFileReference; fileEncoding = 4; lastKnownFileType = sourcecode.c.objc; path = LoginViewController.m; sourceTree = "<group>"; };
		842429F11AA5351D00129411 /* CreateAccountViewController.h */ = {isa = PBXFileReference; fileEncoding = 4; lastKnownFileType = sourcecode.c.h; path = CreateAccountViewController.h; sourceTree = "<group>"; };
		842429F21AA5351D00129411 /* CreateAccountViewController.m */ = {isa = PBXFileReference; fileEncoding = 4; lastKnownFileType = sourcecode.c.objc; path = CreateAccountViewController.m; sourceTree = "<group>"; };
		842429F31AA5351D00129411 /* CreateAccountViewController.xib */ = {isa = PBXFileReference; fileEncoding = 4; lastKnownFileType = file.xib; path = CreateAccountViewController.xib; sourceTree = "<group>"; };
		842429F91AA588FA00129411 /* Converter.h */ = {isa = PBXFileReference; fileEncoding = 4; lastKnownFileType = sourcecode.c.h; path = Converter.h; sourceTree = "<group>"; };
		842429FA1AA588FA00129411 /* Converter.m */ = {isa = PBXFileReference; fileEncoding = 4; lastKnownFileType = sourcecode.c.objc; path = Converter.m; sourceTree = "<group>"; };
		842429FD1AA58C3F00129411 /* SettingsUIViewController.h */ = {isa = PBXFileReference; fileEncoding = 4; lastKnownFileType = sourcecode.c.h; path = SettingsUIViewController.h; sourceTree = "<group>"; };
		842429FE1AA58C3F00129411 /* SettingsUIViewController.m */ = {isa = PBXFileReference; fileEncoding = 4; lastKnownFileType = sourcecode.c.objc; path = SettingsUIViewController.m; sourceTree = "<group>"; };
		842429FF1AA58C3F00129411 /* SettingsUIViewController.xib */ = {isa = PBXFileReference; fileEncoding = 4; lastKnownFileType = file.xib; path = SettingsUIViewController.xib; sourceTree = "<group>"; };
		84242A0A1AAE9CA000129411 /* BribeTableViewCell.h */ = {isa = PBXFileReference; fileEncoding = 4; lastKnownFileType = sourcecode.c.h; path = BribeTableViewCell.h; sourceTree = "<group>"; };
		84242A0B1AAE9CA000129411 /* BribeTableViewCell.m */ = {isa = PBXFileReference; fileEncoding = 4; lastKnownFileType = sourcecode.c.objc; path = BribeTableViewCell.m; sourceTree = "<group>"; };
		84242A0C1AAE9CA000129411 /* BribeTableViewCell.xib */ = {isa = PBXFileReference; fileEncoding = 4; lastKnownFileType = file.xib; path = BribeTableViewCell.xib; sourceTree = "<group>"; };
		84242A101AAEB1FA00129411 /* ImageIO.framework */ = {isa = PBXFileReference; lastKnownFileType = wrapper.framework; name = ImageIO.framework; path = System/Library/Frameworks/ImageIO.framework; sourceTree = SDKROOT; };
		84336D591ABCD51600F18E76 /* SpecificBribeViewController.h */ = {isa = PBXFileReference; fileEncoding = 4; lastKnownFileType = sourcecode.c.h; path = SpecificBribeViewController.h; sourceTree = "<group>"; };
		84336D5A1ABCD51600F18E76 /* SpecificBribeViewController.m */ = {isa = PBXFileReference; fileEncoding = 4; lastKnownFileType = sourcecode.c.objc; path = SpecificBribeViewController.m; sourceTree = "<group>"; };
		84336D5B1ABCD51600F18E76 /* SpecificBribeViewController.xib */ = {isa = PBXFileReference; fileEncoding = 4; lastKnownFileType = file.xib; path = SpecificBribeViewController.xib; sourceTree = "<group>"; };
		A204A527EC139EA8EAE17824 /* Pods.debug.xcconfig */ = {isa = PBXFileReference; includeInIndex = 1; lastKnownFileType = text.xcconfig; name = Pods.debug.xcconfig; path = "Pods/Target Support Files/Pods/Pods.debug.xcconfig"; sourceTree = "<group>"; };
/* End PBXFileReference section */

/* Begin PBXFrameworksBuildPhase section */
		841A52DE1AA155B00055F6CF /* Frameworks */ = {
			isa = PBXFrameworksBuildPhase;
			buildActionMask = 2147483647;
			files = (
				84242A111AAEB1FA00129411 /* ImageIO.framework in Frameworks */,
				34B2D6BF30921FFE233995BF /* libPods.a in Frameworks */,
			);
			runOnlyForDeploymentPostprocessing = 0;
		};
		841A52F71AA155B00055F6CF /* Frameworks */ = {
			isa = PBXFrameworksBuildPhase;
			buildActionMask = 2147483647;
			files = (
			);
			runOnlyForDeploymentPostprocessing = 0;
		};
/* End PBXFrameworksBuildPhase section */

/* Begin PBXGroup section */
		08000EB0B1FE501CA908BCD4 /* Pods */ = {
			isa = PBXGroup;
			children = (
				A204A527EC139EA8EAE17824 /* Pods.debug.xcconfig */,
				332B63E331BE7B12190286E3 /* Pods.release.xcconfig */,
			);
			name = Pods;
			sourceTree = "<group>";
		};
		83B9FD84F2F74FFB3E87E6DB /* Frameworks */ = {
			isa = PBXGroup;
			children = (
				84242A101AAEB1FA00129411 /* ImageIO.framework */,
				51AC9814845E1B3BC57B2354 /* libPods.a */,
			);
			name = Frameworks;
			sourceTree = "<group>";
		};
		841A52D81AA155B00055F6CF = {
			isa = PBXGroup;
			children = (
				841A52E31AA155B00055F6CF /* BribeMe */,
				841A52FD1AA155B00055F6CF /* BribeMeTests */,
				841A52E21AA155B00055F6CF /* Products */,
				08000EB0B1FE501CA908BCD4 /* Pods */,
				83B9FD84F2F74FFB3E87E6DB /* Frameworks */,
			);
			sourceTree = "<group>";
		};
		841A52E21AA155B00055F6CF /* Products */ = {
			isa = PBXGroup;
			children = (
				841A52E11AA155B00055F6CF /* BribeMe.app */,
				841A52FA1AA155B00055F6CF /* BribeMeTests.xctest */,
			);
			name = Products;
			sourceTree = "<group>";
		};
		841A52E31AA155B00055F6CF /* BribeMe */ = {
			isa = PBXGroup;
			children = (
				842429FC1AA58C2E00129411 /* Settings */,
				842429F81AA588E000129411 /* Converters */,
				842429E41AA523F900129411 /* ServerAPI */,
				841A53141AA160750055F6CF /* Constants.h */,
				841A53131AA159430055F6CF /* External */,
				841A530F1AA156810055F6CF /* FirstUserSteps */,
				841A53151AA160830055F6CF /* MainInterface */,
				841A530A1AA156500055F6CF /* BribeMe-Bridging-Header.h */,
				841A52E81AA155B00055F6CF /* AppDelegate.h */,
				841A52E91AA155B00055F6CF /* AppDelegate.m */,
				841A52F11AA155B00055F6CF /* Images.xcassets */,
				841A52E41AA155B00055F6CF /* Supporting Files */,
			);
			path = BribeMe;
			sourceTree = "<group>";
		};
		841A52E41AA155B00055F6CF /* Supporting Files */ = {
			isa = PBXGroup;
			children = (
				841A52E51AA155B00055F6CF /* Info.plist */,
				841A52E61AA155B00055F6CF /* main.m */,
			);
			name = "Supporting Files";
			sourceTree = "<group>";
		};
		841A52FD1AA155B00055F6CF /* BribeMeTests */ = {
			isa = PBXGroup;
			children = (
				841A53001AA155B00055F6CF /* BribeMeTests.m */,
				841A52FE1AA155B00055F6CF /* Supporting Files */,
			);
			path = BribeMeTests;
			sourceTree = "<group>";
		};
		841A52FE1AA155B00055F6CF /* Supporting Files */ = {
			isa = PBXGroup;
			children = (
				841A52FF1AA155B00055F6CF /* Info.plist */,
			);
			name = "Supporting Files";
			sourceTree = "<group>";
		};
		841A530F1AA156810055F6CF /* FirstUserSteps */ = {
			isa = PBXGroup;
			children = (
				842429EE1AA52F4E00129411 /* LoginViewController.h */,
				842429EF1AA52F4E00129411 /* LoginViewController.m */,
				841A530C1AA156510055F6CF /* LoginViewController.xib */,
				842429F11AA5351D00129411 /* CreateAccountViewController.h */,
				842429F21AA5351D00129411 /* CreateAccountViewController.m */,
				842429F31AA5351D00129411 /* CreateAccountViewController.xib */,
			);
			name = FirstUserSteps;
			sourceTree = "<group>";
		};
		841A53131AA159430055F6CF /* External */ = {
			isa = PBXGroup;
			children = (
				841A53101AA1593F0055F6CF /* SwipeView.h */,
				841A53111AA1593F0055F6CF /* SwipeView.m */,
			);
			name = External;
			sourceTree = "<group>";
		};
		841A53151AA160830055F6CF /* MainInterface */ = {
			isa = PBXGroup;
			children = (
				84242A091AAE9C8000129411 /* CellDesign */,
				841A53161AA160B60055F6CF /* BribesViewController.h */,
				841A53171AA160B60055F6CF /* BribesViewController.m */,
				841A53181AA160B60055F6CF /* BribesViewController.xib */,
				84336D591ABCD51600F18E76 /* SpecificBribeViewController.h */,
				84336D5A1ABCD51600F18E76 /* SpecificBribeViewController.m */,
				84336D5B1ABCD51600F18E76 /* SpecificBribeViewController.xib */,
			);
			name = MainInterface;
			sourceTree = "<group>";
		};
		842429E41AA523F900129411 /* ServerAPI */ = {
			isa = PBXGroup;
			children = (
				842429E81AA5250300129411 /* Wordpress.h */,
				842429E91AA5250300129411 /* Wordpress.m */,
			);
			name = ServerAPI;
			sourceTree = "<group>";
		};
		842429F81AA588E000129411 /* Converters */ = {
			isa = PBXGroup;
			children = (
				842429F91AA588FA00129411 /* Converter.h */,
				842429FA1AA588FA00129411 /* Converter.m */,
			);
			name = Converters;
			sourceTree = "<group>";
		};
		842429FC1AA58C2E00129411 /* Settings */ = {
			isa = PBXGroup;
			children = (
				842429FD1AA58C3F00129411 /* SettingsUIViewController.h */,
				842429FE1AA58C3F00129411 /* SettingsUIViewController.m */,
				842429FF1AA58C3F00129411 /* SettingsUIViewController.xib */,
			);
			name = Settings;
			sourceTree = "<group>";
		};
		84242A091AAE9C8000129411 /* CellDesign */ = {
			isa = PBXGroup;
			children = (
				84242A0A1AAE9CA000129411 /* BribeTableViewCell.h */,
				84242A0B1AAE9CA000129411 /* BribeTableViewCell.m */,
				84242A0C1AAE9CA000129411 /* BribeTableViewCell.xib */,
			);
			name = CellDesign;
			sourceTree = "<group>";
		};
/* End PBXGroup section */

/* Begin PBXNativeTarget section */
		841A52E01AA155B00055F6CF /* BribeMe */ = {
			isa = PBXNativeTarget;
			buildConfigurationList = 841A53041AA155B00055F6CF /* Build configuration list for PBXNativeTarget "BribeMe" */;
			buildPhases = (
				8A7D4D13072993639C859AC6 /* Check Pods Manifest.lock */,
				841A52DD1AA155B00055F6CF /* Sources */,
				841A52DE1AA155B00055F6CF /* Frameworks */,
				841A52DF1AA155B00055F6CF /* Resources */,
				3096135A2B5BA88D52E8ACAE /* Copy Pods Resources */,
			);
			buildRules = (
			);
			dependencies = (
			);
			name = BribeMe;
			productName = BribeMe;
			productReference = 841A52E11AA155B00055F6CF /* BribeMe.app */;
			productType = "com.apple.product-type.application";
		};
		841A52F91AA155B00055F6CF /* BribeMeTests */ = {
			isa = PBXNativeTarget;
			buildConfigurationList = 841A53071AA155B00055F6CF /* Build configuration list for PBXNativeTarget "BribeMeTests" */;
			buildPhases = (
				841A52F61AA155B00055F6CF /* Sources */,
				841A52F71AA155B00055F6CF /* Frameworks */,
				841A52F81AA155B00055F6CF /* Resources */,
			);
			buildRules = (
			);
			dependencies = (
				841A52FC1AA155B00055F6CF /* PBXTargetDependency */,
			);
			name = BribeMeTests;
			productName = BribeMeTests;
			productReference = 841A52FA1AA155B00055F6CF /* BribeMeTests.xctest */;
			productType = "com.apple.product-type.bundle.unit-test";
		};
/* End PBXNativeTarget section */

/* Begin PBXProject section */
		841A52D91AA155B00055F6CF /* Project object */ = {
			isa = PBXProject;
			attributes = {
				LastUpgradeCheck = 0610;
				ORGANIZATIONNAME = "William Gu";
				TargetAttributes = {
					841A52E01AA155B00055F6CF = {
						CreatedOnToolsVersion = 6.1.1;
					};
					841A52F91AA155B00055F6CF = {
						CreatedOnToolsVersion = 6.1.1;
						TestTargetID = 841A52E01AA155B00055F6CF;
					};
				};
			};
			buildConfigurationList = 841A52DC1AA155B00055F6CF /* Build configuration list for PBXProject "BribeMe" */;
			compatibilityVersion = "Xcode 3.2";
			developmentRegion = English;
			hasScannedForEncodings = 0;
			knownRegions = (
				en,
				Base,
			);
			mainGroup = 841A52D81AA155B00055F6CF;
			productRefGroup = 841A52E21AA155B00055F6CF /* Products */;
			projectDirPath = "";
			projectRoot = "";
			targets = (
				841A52E01AA155B00055F6CF /* BribeMe */,
				841A52F91AA155B00055F6CF /* BribeMeTests */,
			);
		};
/* End PBXProject section */

/* Begin PBXResourcesBuildPhase section */
		841A52DF1AA155B00055F6CF /* Resources */ = {
			isa = PBXResourcesBuildPhase;
			buildActionMask = 2147483647;
			files = (
				84336D5D1ABCD51600F18E76 /* SpecificBribeViewController.xib in Resources */,
				842429F51AA5351D00129411 /* CreateAccountViewController.xib in Resources */,
				841A530E1AA156510055F6CF /* LoginViewController.xib in Resources */,
				84242A0E1AAE9CA000129411 /* BribeTableViewCell.xib in Resources */,
				84242A011AA58C3F00129411 /* SettingsUIViewController.xib in Resources */,
				841A52F21AA155B00055F6CF /* Images.xcassets in Resources */,
				841A531A1AA160B60055F6CF /* BribesViewController.xib in Resources */,
			);
			runOnlyForDeploymentPostprocessing = 0;
		};
		841A52F81AA155B00055F6CF /* Resources */ = {
			isa = PBXResourcesBuildPhase;
			buildActionMask = 2147483647;
			files = (
			);
			runOnlyForDeploymentPostprocessing = 0;
		};
/* End PBXResourcesBuildPhase section */

/* Begin PBXShellScriptBuildPhase section */
		3096135A2B5BA88D52E8ACAE /* Copy Pods Resources */ = {
			isa = PBXShellScriptBuildPhase;
			buildActionMask = 2147483647;
			files = (
			);
			inputPaths = (
			);
			name = "Copy Pods Resources";
			outputPaths = (
			);
			runOnlyForDeploymentPostprocessing = 0;
			shellPath = /bin/sh;
			shellScript = "\"${SRCROOT}/Pods/Target Support Files/Pods/Pods-resources.sh\"\n";
			showEnvVarsInLog = 0;
		};
		8A7D4D13072993639C859AC6 /* Check Pods Manifest.lock */ = {
			isa = PBXShellScriptBuildPhase;
			buildActionMask = 2147483647;
			files = (
			);
			inputPaths = (
			);
			name = "Check Pods Manifest.lock";
			outputPaths = (
			);
			runOnlyForDeploymentPostprocessing = 0;
			shellPath = /bin/sh;
			shellScript = "diff \"${PODS_ROOT}/../Podfile.lock\" \"${PODS_ROOT}/Manifest.lock\" > /dev/null\nif [[ $? != 0 ]] ; then\n    cat << EOM\nerror: The sandbox is not in sync with the Podfile.lock. Run 'pod install' or update your CocoaPods installation.\nEOM\n    exit 1\nfi\n";
			showEnvVarsInLog = 0;
		};
/* End PBXShellScriptBuildPhase section */

/* Begin PBXSourcesBuildPhase section */
		841A52DD1AA155B00055F6CF /* Sources */ = {
			isa = PBXSourcesBuildPhase;
			buildActionMask = 2147483647;
			files = (
				84242A0D1AAE9CA000129411 /* BribeTableViewCell.m in Sources */,
				84336D5C1ABCD51600F18E76 /* SpecificBribeViewController.m in Sources */,
				841A53121AA1593F0055F6CF /* SwipeView.m in Sources */,
				842429F41AA5351D00129411 /* CreateAccountViewController.m in Sources */,
				841A52EA1AA155B00055F6CF /* AppDelegate.m in Sources */,
				84242A001AA58C3F00129411 /* SettingsUIViewController.m in Sources */,
				842429EA1AA5250300129411 /* Wordpress.m in Sources */,
				842429F01AA52F4E00129411 /* LoginViewController.m in Sources */,
				841A52E71AA155B00055F6CF /* main.m in Sources */,
				842429FB1AA588FA00129411 /* Converter.m in Sources */,
				841A53191AA160B60055F6CF /* BribesViewController.m in Sources */,
			);
			runOnlyForDeploymentPostprocessing = 0;
		};
		841A52F61AA155B00055F6CF /* Sources */ = {
			isa = PBXSourcesBuildPhase;
			buildActionMask = 2147483647;
			files = (
				841A53011AA155B00055F6CF /* BribeMeTests.m in Sources */,
			);
			runOnlyForDeploymentPostprocessing = 0;
		};
/* End PBXSourcesBuildPhase section */

/* Begin PBXTargetDependency section */
		841A52FC1AA155B00055F6CF /* PBXTargetDependency */ = {
			isa = PBXTargetDependency;
			target = 841A52E01AA155B00055F6CF /* BribeMe */;
			targetProxy = 841A52FB1AA155B00055F6CF /* PBXContainerItemProxy */;
		};
/* End PBXTargetDependency section */

/* Begin XCBuildConfiguration section */
		841A53021AA155B00055F6CF /* Debug */ = {
			isa = XCBuildConfiguration;
			buildSettings = {
				ALWAYS_SEARCH_USER_PATHS = NO;
				CLANG_CXX_LANGUAGE_STANDARD = "gnu++0x";
				CLANG_CXX_LIBRARY = "libc++";
				CLANG_ENABLE_MODULES = YES;
				CLANG_ENABLE_OBJC_ARC = YES;
				CLANG_WARN_BOOL_CONVERSION = YES;
				CLANG_WARN_CONSTANT_CONVERSION = YES;
				CLANG_WARN_DIRECT_OBJC_ISA_USAGE = YES_ERROR;
				CLANG_WARN_EMPTY_BODY = YES;
				CLANG_WARN_ENUM_CONVERSION = YES;
				CLANG_WARN_INT_CONVERSION = YES;
				CLANG_WARN_OBJC_ROOT_CLASS = YES_ERROR;
				CLANG_WARN_UNREACHABLE_CODE = YES;
				CLANG_WARN__DUPLICATE_METHOD_MATCH = YES;
				"CODE_SIGN_IDENTITY[sdk=iphoneos*]" = "iPhone Developer";
				COPY_PHASE_STRIP = NO;
				ENABLE_STRICT_OBJC_MSGSEND = YES;
				GCC_C_LANGUAGE_STANDARD = gnu99;
				GCC_DYNAMIC_NO_PIC = NO;
				GCC_OPTIMIZATION_LEVEL = 0;
				GCC_PREPROCESSOR_DEFINITIONS = (
					"DEBUG=1",
					"$(inherited)",
				);
				GCC_SYMBOLS_PRIVATE_EXTERN = NO;
				GCC_WARN_64_TO_32_BIT_CONVERSION = YES;
				GCC_WARN_ABOUT_RETURN_TYPE = YES_ERROR;
				GCC_WARN_UNDECLARED_SELECTOR = YES;
				GCC_WARN_UNINITIALIZED_AUTOS = YES_AGGRESSIVE;
				GCC_WARN_UNUSED_FUNCTION = YES;
				GCC_WARN_UNUSED_VARIABLE = YES;
				IPHONEOS_DEPLOYMENT_TARGET = 8.1;
				MTL_ENABLE_DEBUG_INFO = YES;
				ONLY_ACTIVE_ARCH = YES;
				SDKROOT = iphoneos;
			};
			name = Debug;
		};
		841A53031AA155B00055F6CF /* Release */ = {
			isa = XCBuildConfiguration;
			buildSettings = {
				ALWAYS_SEARCH_USER_PATHS = NO;
				CLANG_CXX_LANGUAGE_STANDARD = "gnu++0x";
				CLANG_CXX_LIBRARY = "libc++";
				CLANG_ENABLE_MODULES = YES;
				CLANG_ENABLE_OBJC_ARC = YES;
				CLANG_WARN_BOOL_CONVERSION = YES;
				CLANG_WARN_CONSTANT_CONVERSION = YES;
				CLANG_WARN_DIRECT_OBJC_ISA_USAGE = YES_ERROR;
				CLANG_WARN_EMPTY_BODY = YES;
				CLANG_WARN_ENUM_CONVERSION = YES;
				CLANG_WARN_INT_CONVERSION = YES;
				CLANG_WARN_OBJC_ROOT_CLASS = YES_ERROR;
				CLANG_WARN_UNREACHABLE_CODE = YES;
				CLANG_WARN__DUPLICATE_METHOD_MATCH = YES;
				"CODE_SIGN_IDENTITY[sdk=iphoneos*]" = "iPhone Developer";
				COPY_PHASE_STRIP = YES;
				ENABLE_NS_ASSERTIONS = NO;
				ENABLE_STRICT_OBJC_MSGSEND = YES;
				GCC_C_LANGUAGE_STANDARD = gnu99;
				GCC_WARN_64_TO_32_BIT_CONVERSION = YES;
				GCC_WARN_ABOUT_RETURN_TYPE = YES_ERROR;
				GCC_WARN_UNDECLARED_SELECTOR = YES;
				GCC_WARN_UNINITIALIZED_AUTOS = YES_AGGRESSIVE;
				GCC_WARN_UNUSED_FUNCTION = YES;
				GCC_WARN_UNUSED_VARIABLE = YES;
				IPHONEOS_DEPLOYMENT_TARGET = 8.1;
				MTL_ENABLE_DEBUG_INFO = NO;
				SDKROOT = iphoneos;
				VALIDATE_PRODUCT = YES;
			};
			name = Release;
		};
		841A53051AA155B00055F6CF /* Debug */ = {
			isa = XCBuildConfiguration;
			baseConfigurationReference = A204A527EC139EA8EAE17824 /* Pods.debug.xcconfig */;
			buildSettings = {
				ASSETCATALOG_COMPILER_APPICON_NAME = AppIcon;
				ASSETCATALOG_COMPILER_LAUNCHIMAGE_NAME = LaunchImage;
				CLANG_ENABLE_MODULES = YES;
				INFOPLIST_FILE = BribeMe/Info.plist;
				IPHONEOS_DEPLOYMENT_TARGET = 8.0;
				LD_RUNPATH_SEARCH_PATHS = "$(inherited) @executable_path/Frameworks";
				PRODUCT_NAME = "$(TARGET_NAME)";
				SWIFT_OBJC_BRIDGING_HEADER = "BribeMe/BribeMe-Bridging-Header.h";
				SWIFT_OPTIMIZATION_LEVEL = "-Onone";
			};
			name = Debug;
		};
		841A53061AA155B00055F6CF /* Release */ = {
			isa = XCBuildConfiguration;
			baseConfigurationReference = 332B63E331BE7B12190286E3 /* Pods.release.xcconfig */;
			buildSettings = {
				ASSETCATALOG_COMPILER_APPICON_NAME = AppIcon;
				ASSETCATALOG_COMPILER_LAUNCHIMAGE_NAME = LaunchImage;
				CLANG_ENABLE_MODULES = YES;
				INFOPLIST_FILE = BribeMe/Info.plist;
				IPHONEOS_DEPLOYMENT_TARGET = 8.0;
				LD_RUNPATH_SEARCH_PATHS = "$(inherited) @executable_path/Frameworks";
				PRODUCT_NAME = "$(TARGET_NAME)";
				SWIFT_OBJC_BRIDGING_HEADER = "BribeMe/BribeMe-Bridging-Header.h";
			};
			name = Release;
		};
		841A53081AA155B00055F6CF /* Debug */ = {
			isa = XCBuildConfiguration;
			buildSettings = {
				BUNDLE_LOADER = "$(TEST_HOST)";
				FRAMEWORK_SEARCH_PATHS = (
					"$(SDKROOT)/Developer/Library/Frameworks",
					"$(inherited)",
				);
				GCC_PREPROCESSOR_DEFINITIONS = (
					"DEBUG=1",
					"$(inherited)",
				);
				INFOPLIST_FILE = BribeMeTests/Info.plist;
				LD_RUNPATH_SEARCH_PATHS = "$(inherited) @executable_path/Frameworks @loader_path/Frameworks";
				PRODUCT_NAME = "$(TARGET_NAME)";
				TEST_HOST = "$(BUILT_PRODUCTS_DIR)/BribeMe.app/BribeMe";
			};
			name = Debug;
		};
		841A53091AA155B00055F6CF /* Release */ = {
			isa = XCBuildConfiguration;
			buildSettings = {
				BUNDLE_LOADER = "$(TEST_HOST)";
				FRAMEWORK_SEARCH_PATHS = (
					"$(SDKROOT)/Developer/Library/Frameworks",
					"$(inherited)",
				);
				INFOPLIST_FILE = BribeMeTests/Info.plist;
				LD_RUNPATH_SEARCH_PATHS = "$(inherited) @executable_path/Frameworks @loader_path/Frameworks";
				PRODUCT_NAME = "$(TARGET_NAME)";
				TEST_HOST = "$(BUILT_PRODUCTS_DIR)/BribeMe.app/BribeMe";
			};
			name = Release;
		};
/* End XCBuildConfiguration section */

/* Begin XCConfigurationList section */
		841A52DC1AA155B00055F6CF /* Build configuration list for PBXProject "BribeMe" */ = {
			isa = XCConfigurationList;
			buildConfigurations = (
				841A53021AA155B00055F6CF /* Debug */,
				841A53031AA155B00055F6CF /* Release */,
			);
			defaultConfigurationIsVisible = 0;
			defaultConfigurationName = Release;
		};
		841A53041AA155B00055F6CF /* Build configuration list for PBXNativeTarget "BribeMe" */ = {
			isa = XCConfigurationList;
			buildConfigurations = (
				841A53051AA155B00055F6CF /* Debug */,
				841A53061AA155B00055F6CF /* Release */,
			);
			defaultConfigurationIsVisible = 0;
			defaultConfigurationName = Release;
		};
		841A53071AA155B00055F6CF /* Build configuration list for PBXNativeTarget "BribeMeTests" */ = {
			isa = XCConfigurationList;
			buildConfigurations = (
				841A53081AA155B00055F6CF /* Debug */,
				841A53091AA155B00055F6CF /* Release */,
			);
			defaultConfigurationIsVisible = 0;
			defaultConfigurationName = Release;
		};
/* End XCConfigurationList section */
	};
	rootObject = 841A52D91AA155B00055F6CF /* Project object */;
}
